{"plugins":[{"artifact":{"algorithm":"sha256","value":"08f7292b47fe46f33ef1cd67043e7353b28baccc94e5669ae6c5b259dc10f205"},"contractMajor":1,"manifest":{"algorithm":"sha256","value":"4f93aa98187708b5d494094c95a4709e33d3ee3d4631adb5eba4575c5fc08e6b"},"name":"github","runtime":{"capabilities":["github:checks:read","github:organization-members:read","github:pull-requests:read"],"entrypoint":"./builtin/github","kind":"typescript","protocol":1,"transport":"length-prefixed"},"source":{"kind":"builtin","locator":"polici:provider:github@1.0.0"},"version":"1.0.0"},{"artifact":{"algorithm":"sha256","value":"6fbba314e8cb1bfabbbf998274b8d560f426ed6618a486afbcf69316655617d9"},"contractMajor":1,"manifest":{"algorithm":"sha256","value":"674663a3786ecda12a8872ddeeeadbe1087dd720ab5b31a6430af7cfda496858"},"name":"ownership","runtime":{"capabilities":[],"entrypoint":"./runtime-linux-x64","kind":"typescript","protocol":1,"transport":"jsonl"},"source":{"kind":"path","locator":"plugins/ownership/manifest.json"},"version":"1.0.1"}],"schema":"polici.lock/v2","schemaVersion":2}
