{"plugins":[{"artifact":{"algorithm":"sha256","value":"08f7292b47fe46f33ef1cd67043e7353b28baccc94e5669ae6c5b259dc10f205"},"contractMajor":1,"manifest":{"algorithm":"sha256","value":"4f93aa98187708b5d494094c95a4709e33d3ee3d4631adb5eba4575c5fc08e6b"},"name":"github","runtime":{"capabilities":["github:checks:read","github:organization-members:read","github:pull-requests:read"],"entrypoint":"./builtin/github","kind":"typescript","protocol":1,"transport":"length-prefixed"},"source":{"kind":"builtin","locator":"polici:provider:github@1.0.0"},"version":"1.0.0"},{"artifact":{"algorithm":"sha256","value":"6fbba314e8cb1bfabbbf998274b8d560f426ed6618a486afbcf69316655617d9"},"contractMajor":1,"manifest":{"algorithm":"sha256","value":"d7285a97a4629c2220f53da6bd6433cb0280d21647baafa6ccb6cde25c2a6e86"},"name":"ownership","runtime":{"capabilities":[],"entrypoint":"./runtime","kind":"typescript","protocol":1,"transport":"jsonl"},"source":{"kind":"path","locator":"plugins/ownership/plugin.ts"},"version":"1.0.1"}],"schema":"polici.lock/v2","schemaVersion":2}
