{"plugins":[{"artifact":{"algorithm":"sha256","value":"08f7292b47fe46f33ef1cd67043e7353b28baccc94e5669ae6c5b259dc10f205"},"contractMajor":1,"manifest":{"algorithm":"sha256","value":"4f93aa98187708b5d494094c95a4709e33d3ee3d4631adb5eba4575c5fc08e6b"},"name":"github","runtime":{"capabilities":["github:checks:read","github:organization-members:read","github:pull-requests:read"],"entrypoint":"./builtin/github","kind":"typescript","protocol":1,"transport":"length-prefixed"},"source":{"kind":"builtin","locator":"polici:provider:github@1.0.0"},"version":"1.0.0"}],"schema":"polici.lock/v2","schemaVersion":2}
